
Microsoft Visual Studio Solution File, Format Version 12.00
# Visual Studio Version 16
VisualStudioVersion = 16.0.31129.286
MinimumVisualStudioVersion = 10.0.40219.1
Project("{FAE04EC0-301F-11D3-BF4B-00C04F79EFBC}") = "Store", "Store\Store.csproj", "{09FAC619-65AA-40E5-8802-375608006B37}"
EndProject
Project("{FAE04EC0-301F-11D3-BF4B-00C04F79EFBC}") = "Store.Business", "Store.Business\Store.Business.csproj", "{C1A7B263-1247-4B58-8D92-391C32523897}"
EndProject
Project("{FAE04EC0-301F-11D3-BF4B-00C04F79EFBC}") = "Store.Entity", "Store.Entity\Store.Entity.csproj", "{F3F2787C-7A78-408B-B119-BC05F32AEDC7}"
EndProject
Project("{FAE04EC0-301F-11D3-BF4B-00C04F79EFBC}") = "Store.Tests", "Store.Tests\Store.Tests.csproj", "{38A69606-1729-411F-AF6A-5EE78918607C}"
EndProject
Global
	GlobalSection(SolutionConfigurationPlatforms) = preSolution
		Debug|Any CPU = Debug|Any CPU
		Release|Any CPU = Release|Any CPU
	EndGlobalSection
	GlobalSection(ProjectConfigurationPlatforms) = postSolution
		{09FAC619-65AA-40E5-8802-375608006B37}.Debug|Any CPU.ActiveCfg = Debug|Any CPU
		{09FAC619-65AA-40E5-8802-375608006B37}.Debug|Any CPU.Build.0 = Debug|Any CPU
		{09FAC619-65AA-40E5-8802-375608006B37}.Release|Any CPU.ActiveCfg = Release|Any CPU
		{09FAC619-65AA-40E5-8802-375608006B37}.Release|Any CPU.Build.0 = Release|Any CPU
		{C1A7B263-1247-4B58-8D92-391C32523897}.Debug|Any CPU.ActiveCfg = Debug|Any CPU
		{C1A7B263-1247-4B58-8D92-391C32523897}.Debug|Any CPU.Build.0 = Debug|Any CPU
		{C1A7B263-1247-4B58-8D92-391C32523897}.Release|Any CPU.ActiveCfg = Release|Any CPU
		{C1A7B263-1247-4B58-8D92-391C32523897}.Release|Any CPU.Build.0 = Release|Any CPU
		{F3F2787C-7A78-408B-B119-BC05F32AEDC7}.Debug|Any CPU.ActiveCfg = Debug|Any CPU
		{F3F2787C-7A78-408B-B119-BC05F32AEDC7}.Debug|Any CPU.Build.0 = Debug|Any CPU
		{F3F2787C-7A78-408B-B119-BC05F32AEDC7}.Release|Any CPU.ActiveCfg = Release|Any CPU
		{F3F2787C-7A78-408B-B119-BC05F32AEDC7}.Release|Any CPU.Build.0 = Release|Any CPU
		{38A69606-1729-411F-AF6A-5EE78918607C}.Debug|Any CPU.ActiveCfg = Debug|Any CPU
		{38A69606-1729-411F-AF6A-5EE78918607C}.Debug|Any CPU.Build.0 = Debug|Any CPU
		{38A69606-1729-411F-AF6A-5EE78918607C}.Release|Any CPU.ActiveCfg = Release|Any CPU
		{38A69606-1729-411F-AF6A-5EE78918607C}.Release|Any CPU.Build.0 = Release|Any CPU
	EndGlobalSection
	GlobalSection(SolutionProperties) = preSolution
		HideSolutionNode = FALSE
	EndGlobalSection
	GlobalSection(ExtensibilityGlobals) = postSolution
		SolutionGuid = {87E5E13A-06F6-4CD8-AFD6-870B6B2D9841}
	EndGlobalSection
EndGlobal
